// !$*UTF8*$!
{
	archiveVersion = 1;
	classes = {
	};
	objectVersion = 46;
	objects = {

/* Begin PBXBuildFile section */
		1800151B1CFC2FB90011B8BC /* images.plist in Resources */ = {isa = PBXBuildFile; fileRef = 1800151A1CFC2FB90011B8BC /* images.plist */; };
		F4CB9BBB1CFA5F43008D3CFB /* main.m in Sources */ = {isa = PBXBuildFile; fileRef = F4CB9BBA1CFA5F43008D3CFB /* main.m */; };
		F4CB9BBE1CFA5F43008D3CFB /* AppDelegate.m in Sources */ = {isa = PBXBuildFile; fileRef = F4CB9BBD1CFA5F43008D3CFB /* AppDelegate.m */; };
		F4CB9BC11CFA5F43008D3CFB /* ViewController.m in Sources */ = {isa = PBXBuildFile; fileRef = F4CB9BC01CFA5F43008D3CFB /* ViewController.m */; };
		F4CB9BC41CFA5F43008D3CFB /* Main.storyboard in Resources */ = {isa = PBXBuildFile; fileRef = F4CB9BC21CFA5F43008D3CFB /* Main.storyboard */; };
		F4CB9BC61CFA5F43008D3CFB /* Assets.xcassets in Resources */ = {isa = PBXBuildFile; fileRef = F4CB9BC51CFA5F43008D3CFB /* Assets.xcassets */; };
		F4CB9BC91CFA5F43008D3CFB /* LaunchScreen.storyboard in Resources */ = {isa = PBXBuildFile; fileRef = F4CB9BC71CFA5F43008D3CFB /* LaunchScreen.storyboard */; };
		F4CF30ED1D16E47A0029003A /* AFHTTPSessionManager.m in Sources */ = {isa = PBXBuildFile; fileRef = F4CF30CA1D16E47A0029003A /* AFHTTPSessionManager.m */; };
		F4CF30EE1D16E47A0029003A /* AFNetworkReachabilityManager.m in Sources */ = {isa = PBXBuildFile; fileRef = F4CF30CD1D16E47A0029003A /* AFNetworkReachabilityManager.m */; };
		F4CF30EF1D16E47A0029003A /* AFSecurityPolicy.m in Sources */ = {isa = PBXBuildFile; fileRef = F4CF30CF1D16E47A0029003A /* AFSecurityPolicy.m */; };
		F4CF30F01D16E47A0029003A /* AFURLRequestSerialization.m in Sources */ = {isa = PBXBuildFile; fileRef = F4CF30D11D16E47A0029003A /* AFURLRequestSerialization.m */; };
		F4CF30F11D16E47A0029003A /* AFURLResponseSerialization.m in Sources */ = {isa = PBXBuildFile; fileRef = F4CF30D31D16E47A0029003A /* AFURLResponseSerialization.m */; };
		F4CF30F21D16E47A0029003A /* AFURLSessionManager.m in Sources */ = {isa = PBXBuildFile; fileRef = F4CF30D51D16E47A0029003A /* AFURLSessionManager.m */; };
		F4CF30F31D16E47A0029003A /* LICENSE in Resources */ = {isa = PBXBuildFile; fileRef = F4CF30D61D16E47A0029003A /* LICENSE */; };
		F4CF30F41D16E47A0029003A /* README.md in Sources */ = {isa = PBXBuildFile; fileRef = F4CF30D71D16E47A0029003A /* README.md */; };
		F4CF30F51D16E47A0029003A /* AFAutoPurgingImageCache.m in Sources */ = {isa = PBXBuildFile; fileRef = F4CF30DA1D16E47A0029003A /* AFAutoPurgingImageCache.m */; };
		F4CF30F61D16E47A0029003A /* AFImageDownloader.m in Sources */ = {isa = PBXBuildFile; fileRef = F4CF30DC1D16E47A0029003A /* AFImageDownloader.m */; };
		F4CF30F71D16E47A0029003A /* AFNetworkActivityIndicatorManager.m in Sources */ = {isa = PBXBuildFile; fileRef = F4CF30DE1D16E47A0029003A /* AFNetworkActivityIndicatorManager.m */; };
		F4CF30F81D16E47A0029003A /* UIActivityIndicatorView+AFNetworking.m in Sources */ = {isa = PBXBuildFile; fileRef = F4CF30E01D16E47A0029003A /* UIActivityIndicatorView+AFNetworking.m */; };
		F4CF30F91D16E47A0029003A /* UIButton+AFNetworking.m in Sources */ = {isa = PBXBuildFile; fileRef = F4CF30E21D16E47A0029003A /* UIButton+AFNetworking.m */; };
		F4CF30FA1D16E47A0029003A /* UIImageView+AFNetworking.m in Sources */ = {isa = PBXBuildFile; fileRef = F4CF30E51D16E47A0029003A /* UIImageView+AFNetworking.m */; };
		F4CF30FB1D16E47A0029003A /* UIProgressView+AFNetworking.m in Sources */ = {isa = PBXBuildFile; fileRef = F4CF30E81D16E47A0029003A /* UIProgressView+AFNetworking.m */; };
		F4CF30FC1D16E47A0029003A /* UIRefreshControl+AFNetworking.m in Sources */ = {isa = PBXBuildFile; fileRef = F4CF30EA1D16E47A0029003A /* UIRefreshControl+AFNetworking.m */; };
		F4CF30FD1D16E47A0029003A /* UIWebView+AFNetworking.m in Sources */ = {isa = PBXBuildFile; fileRef = F4CF30EC1D16E47A0029003A /* UIWebView+AFNetworking.m */; };
		F4CF40DA1D09641A0075F307 /* LNCirculateModel.m in Sources */ = {isa = PBXBuildFile; fileRef = F4CF40D71D09641A0075F307 /* LNCirculateModel.m */; };
		F4CF40DB1D09641A0075F307 /* LNCyclePictureController.m in Sources */ = {isa = PBXBuildFile; fileRef = F4CF40D91D09641A0075F307 /* LNCyclePictureController.m */; };
		F4CF40FA1D09642B0075F307 /* NSData+ImageContentType.m in Sources */ = {isa = PBXBuildFile; fileRef = F4CF40DE1D09642B0075F307 /* NSData+ImageContentType.m */; };
		F4CF40FB1D09642B0075F307 /* SDImageCache.m in Sources */ = {isa = PBXBuildFile; fileRef = F4CF40E01D09642B0075F307 /* SDImageCache.m */; };
		F4CF40FC1D09642B0075F307 /* SDWebImageCompat.m in Sources */ = {isa = PBXBuildFile; fileRef = F4CF40E21D09642B0075F307 /* SDWebImageCompat.m */; };
		F4CF40FD1D09642B0075F307 /* SDWebImageDecoder.m in Sources */ = {isa = PBXBuildFile; fileRef = F4CF40E41D09642B0075F307 /* SDWebImageDecoder.m */; };
		F4CF40FE1D09642B0075F307 /* SDWebImageDownloader.m in Sources */ = {isa = PBXBuildFile; fileRef = F4CF40E61D09642B0075F307 /* SDWebImageDownloader.m */; };
		F4CF40FF1D09642B0075F307 /* SDWebImageDownloaderOperation.m in Sources */ = {isa = PBXBuildFile; fileRef = F4CF40E81D09642B0075F307 /* SDWebImageDownloaderOperation.m */; };
		F4CF41001D09642B0075F307 /* SDWebImageManager.m in Sources */ = {isa = PBXBuildFile; fileRef = F4CF40EA1D09642B0075F307 /* SDWebImageManager.m */; };
		F4CF41011D09642B0075F307 /* SDWebImagePrefetcher.m in Sources */ = {isa = PBXBuildFile; fileRef = F4CF40ED1D09642B0075F307 /* SDWebImagePrefetcher.m */; };
		F4CF41021D09642B0075F307 /* UIButton+WebCache.m in Sources */ = {isa = PBXBuildFile; fileRef = F4CF40EF1D09642B0075F307 /* UIButton+WebCache.m */; };
		F4CF41031D09642B0075F307 /* UIImage+GIF.m in Sources */ = {isa = PBXBuildFile; fileRef = F4CF40F11D09642B0075F307 /* UIImage+GIF.m */; };
		F4CF41041D09642B0075F307 /* UIImage+MultiFormat.m in Sources */ = {isa = PBXBuildFile; fileRef = F4CF40F31D09642B0075F307 /* UIImage+MultiFormat.m */; };
		F4CF41051D09642B0075F307 /* UIImageView+HighlightedWebCache.m in Sources */ = {isa = PBXBuildFile; fileRef = F4CF40F51D09642B0075F307 /* UIImageView+HighlightedWebCache.m */; };
		F4CF41061D09642B0075F307 /* UIImageView+WebCache.m in Sources */ = {isa = PBXBuildFile; fileRef = F4CF40F71D09642B0075F307 /* UIImageView+WebCache.m */; };
		F4CF41071D09642B0075F307 /* UIView+WebCacheOperation.m in Sources */ = {isa = PBXBuildFile; fileRef = F4CF40F91D09642B0075F307 /* UIView+WebCacheOperation.m */; };
/* End PBXBuildFile section */

/* Begin PBXFileReference section */
		1800151A1CFC2FB90011B8BC /* images.plist */ = {isa = PBXFileReference; fileEncoding = 4; lastKnownFileType = text.plist.xml; path = images.plist; sourceTree = "<group>"; };
		F4CB9BB61CFA5F43008D3CFB /* LNCyclePictureShow.app */ = {isa = PBXFileReference; explicitFileType = wrapper.application; includeInIndex = 0; path = LNCyclePictureShow.app; sourceTree = BUILT_PRODUCTS_DIR; };
		F4CB9BBA1CFA5F43008D3CFB /* main.m */ = {isa = PBXFileReference; lastKnownFileType = sourcecode.c.objc; path = main.m; sourceTree = "<group>"; };
		F4CB9BBC1CFA5F43008D3CFB /* AppDelegate.h */ = {isa = PBXFileReference; lastKnownFileType = sourcecode.c.h; path = AppDelegate.h; sourceTree = "<group>"; };
		F4CB9BBD1CFA5F43008D3CFB /* AppDelegate.m */ = {isa = PBXFileReference; lastKnownFileType = sourcecode.c.objc; path = AppDelegate.m; sourceTree = "<group>"; };
		F4CB9BBF1CFA5F43008D3CFB /* ViewController.h */ = {isa = PBXFileReference; lastKnownFileType = sourcecode.c.h; path = ViewController.h; sourceTree = "<group>"; };
		F4CB9BC01CFA5F43008D3CFB /* ViewController.m */ = {isa = PBXFileReference; lastKnownFileType = sourcecode.c.objc; path = ViewController.m; sourceTree = "<group>"; };
		F4CB9BC31CFA5F43008D3CFB /* Base */ = {isa = PBXFileReference; lastKnownFileType = file.storyboard; name = Base; path = Base.lproj/Main.storyboard; sourceTree = "<group>"; };
		F4CB9BC51CFA5F43008D3CFB /* Assets.xcassets */ = {isa = PBXFileReference; lastKnownFileType = folder.assetcatalog; path = Assets.xcassets; sourceTree = "<group>"; };
		F4CB9BC81CFA5F43008D3CFB /* Base */ = {isa = PBXFileReference; lastKnownFileType = file.storyboard; name = Base; path = Base.lproj/LaunchScreen.storyboard; sourceTree = "<group>"; };
		F4CB9BCA1CFA5F43008D3CFB /* Info.plist */ = {isa = PBXFileReference; lastKnownFileType = text.plist.xml; path = Info.plist; sourceTree = "<group>"; };
		F4CF30C91D16E47A0029003A /* AFHTTPSessionManager.h */ = {isa = PBXFileReference; fileEncoding = 4; lastKnownFileType = sourcecode.c.h; path = AFHTTPSessionManager.h; sourceTree = "<group>"; };
		F4CF30CA1D16E47A0029003A /* AFHTTPSessionManager.m */ = {isa = PBXFileReference; fileEncoding = 4; lastKnownFileType = sourcecode.c.objc; path = AFHTTPSessionManager.m; sourceTree = "<group>"; };
		F4CF30CB1D16E47A0029003A /* AFNetworking.h */ = {isa = PBXFileReference; fileEncoding = 4; lastKnownFileType = sourcecode.c.h; path = AFNetworking.h; sourceTree = "<group>"; };
		F4CF30CC1D16E47A0029003A /* AFNetworkReachabilityManager.h */ = {isa = PBXFileReference; fileEncoding = 4; lastKnownFileType = sourcecode.c.h; path = AFNetworkReachabilityManager.h; sourceTree = "<group>"; };
		F4CF30CD1D16E47A0029003A /* AFNetworkReachabilityManager.m */ = {isa = PBXFileReference; fileEncoding = 4; lastKnownFileType = sourcecode.c.objc; path = AFNetworkReachabilityManager.m; sourceTree = "<group>"; };
		F4CF30CE1D16E47A0029003A /* AFSecurityPolicy.h */ = {isa = PBXFileReference; fileEncoding = 4; lastKnownFileType = sourcecode.c.h; path = AFSecurityPolicy.h; sourceTree = "<group>"; };
		F4CF30CF1D16E47A0029003A /* AFSecurityPolicy.m */ = {isa = PBXFileReference; fileEncoding = 4; lastKnownFileType = sourcecode.c.objc; path = AFSecurityPolicy.m; sourceTree = "<group>"; };
		F4CF30D01D16E47A0029003A /* AFURLRequestSerialization.h */ = {isa = PBXFileReference; fileEncoding = 4; lastKnownFileType = sourcecode.c.h; path = AFURLRequestSerialization.h; sourceTree = "<group>"; };
		F4CF30D11D16E47A0029003A /* AFURLRequestSerialization.m */ = {isa = PBXFileReference; fileEncoding = 4; lastKnownFileType = sourcecode.c.objc; path = AFURLRequestSerialization.m; sourceTree = "<group>"; };
		F4CF30D21D16E47A0029003A /* AFURLResponseSerialization.h */ = {isa = PBXFileReference; fileEncoding = 4; lastKnownFileType = sourcecode.c.h; path = AFURLResponseSerialization.h; sourceTree = "<group>"; };
		F4CF30D31D16E47A0029003A /* AFURLResponseSerialization.m */ = {isa = PBXFileReference; fileEncoding = 4; lastKnownFileType = sourcecode.c.objc; path = AFURLResponseSerialization.m; sourceTree = "<group>"; };
		F4CF30D41D16E47A0029003A /* AFURLSessionManager.h */ = {isa = PBXFileReference; fileEncoding = 4; lastKnownFileType = sourcecode.c.h; path = AFURLSessionManager.h; sourceTree = "<group>"; };
		F4CF30D51D16E47A0029003A /* AFURLSessionManager.m */ = {isa = PBXFileReference; fileEncoding = 4; lastKnownFileType = sourcecode.c.objc; path = AFURLSessionManager.m; sourceTree = "<group>"; };
		F4CF30D61D16E47A0029003A /* LICENSE */ = {isa = PBXFileReference; fileEncoding = 4; lastKnownFileType = text; path = LICENSE; sourceTree = "<group>"; };
		F4CF30D71D16E47A0029003A /* README.md */ = {isa = PBXFileReference; fileEncoding = 4; lastKnownFileType = net.daringfireball.markdown; path = README.md; sourceTree = "<group>"; };
		F4CF30D91D16E47A0029003A /* AFAutoPurgingImageCache.h */ = {isa = PBXFileReference; fileEncoding = 4; lastKnownFileType = sourcecode.c.h; path = AFAutoPurgingImageCache.h; sourceTree = "<group>"; };
		F4CF30DA1D16E47A0029003A /* AFAutoPurgingImageCache.m */ = {isa = PBXFileReference; fileEncoding = 4; lastKnownFileType = sourcecode.c.objc; path = AFAutoPurgingImageCache.m; sourceTree = "<group>"; };
		F4CF30DB1D16E47A0029003A /* AFImageDownloader.h */ = {isa = PBXFileReference; fileEncoding = 4; lastKnownFileType = sourcecode.c.h; path = AFImageDownloader.h; sourceTree = "<group>"; };
		F4CF30DC1D16E47A0029003A /* AFImageDownloader.m */ = {isa = PBXFileReference; fileEncoding = 4; lastKnownFileType = sourcecode.c.objc; path = AFImageDownloader.m; sourceTree = "<group>"; };
		F4CF30DD1D16E47A0029003A /* AFNetworkActivityIndicatorManager.h */ = {isa = PBXFileReference; fileEncoding = 4; lastKnownFileType = sourcecode.c.h; path = AFNetworkActivityIndicatorManager.h; sourceTree = "<group>"; };
		F4CF30DE1D16E47A0029003A /* AFNetworkActivityIndicatorManager.m */ = {isa = PBXFileReference; fileEncoding = 4; lastKnownFileType = sourcecode.c.objc; path = AFNetworkActivityIndicatorManager.m; sourceTree = "<group>"; };
		F4CF30DF1D16E47A0029003A /* UIActivityIndicatorView+AFNetworking.h */ = {isa = PBXFileReference; fileEncoding = 4; lastKnownFileType = sourcecode.c.h; path = "UIActivityIndicatorView+AFNetworking.h"; sourceTree = "<group>"; };
		F4CF30E01D16E47A0029003A /* UIActivityIndicatorView+AFNetworking.m */ = {isa = PBXFileReference; fileEncoding = 4; lastKnownFileType = sourcecode.c.objc; path = "UIActivityIndicatorView+AFNetworking.m"; sourceTree = "<group>"; };
		F4CF30E11D16E47A0029003A /* UIButton+AFNetworking.h */ = {isa = PBXFileReference; fileEncoding = 4; lastKnownFileType = sourcecode.c.h; path = "UIButton+AFNetworking.h"; sourceTree = "<group>"; };
		F4CF30E21D16E47A0029003A /* UIButton+AFNetworking.m */ = {isa = PBXFileReference; fileEncoding = 4; lastKnownFileType = sourcecode.c.objc; path = "UIButton+AFNetworking.m"; sourceTree = "<group>"; };
		F4CF30E31D16E47A0029003A /* UIImage+AFNetworking.h */ = {isa = PBXFileReference; fileEncoding = 4; lastKnownFileType = sourcecode.c.h; path = "UIImage+AFNetworking.h"; sourceTree = "<group>"; };
		F4CF30E41D16E47A0029003A /* UIImageView+AFNetworking.h */ = {isa = PBXFileReference; fileEncoding = 4; lastKnownFileType = sourcecode.c.h; path = "UIImageView+AFNetworking.h"; sourceTree = "<group>"; };
		F4CF30E51D16E47A0029003A /* UIImageView+AFNetworking.m */ = {isa = PBXFileReference; fileEncoding = 4; lastKnownFileType = sourcecode.c.objc; path = "UIImageView+AFNetworking.m"; sourceTree = "<group>"; };
		F4CF30E61D16E47A0029003A /* UIKit+AFNetworking.h */ = {isa = PBXFileReference; fileEncoding = 4; lastKnownFileType = sourcecode.c.h; path = "UIKit+AFNetworking.h"; sourceTree = "<group>"; };
		F4CF30E71D16E47A0029003A /* UIProgressView+AFNetworking.h */ = {isa = PBXFileReference; fileEncoding = 4; lastKnownFileType = sourcecode.c.h; path = "UIProgressView+AFNetworking.h"; sourceTree = "<group>"; };
		F4CF30E81D16E47A0029003A /* UIProgressView+AFNetworking.m */ = {isa = PBXFileReference; fileEncoding = 4; lastKnownFileType = sourcecode.c.objc; path = "UIProgressView+AFNetworking.m"; sourceTree = "<group>"; };
		F4CF30E91D16E47A0029003A /* UIRefreshControl+AFNetworking.h */ = {isa = PBXFileReference; fileEncoding = 4; lastKnownFileType = sourcecode.c.h; path = "UIRefreshControl+AFNetworking.h"; sourceTree = "<group>"; };
		F4CF30EA1D16E47A0029003A /* UIRefreshControl+AFNetworking.m */ = {isa = PBXFileReference; fileEncoding = 4; lastKnownFileType = sourcecode.c.objc; path = "UIRefreshControl+AFNetworking.m"; sourceTree = "<group>"; };
		F4CF30EB1D16E47A0029003A /* UIWebView+AFNetworking.h */ = {isa = PBXFileReference; fileEncoding = 4; lastKnownFileType = sourcecode.c.h; path = "UIWebView+AFNetworking.h"; sourceTree = "<group>"; };
		F4CF30EC1D16E47A0029003A /* UIWebView+AFNetworking.m */ = {isa = PBXFileReference; fileEncoding = 4; lastKnownFileType = sourcecode.c.objc; path = "UIWebView+AFNetworking.m"; sourceTree = "<group>"; };
		F4CF40D61D09641A0075F307 /* LNCirculateModel.h */ = {isa = PBXFileReference; fileEncoding = 4; lastKnownFileType = sourcecode.c.h; path = LNCirculateModel.h; sourceTree = "<group>"; };
		F4CF40D71D09641A0075F307 /* LNCirculateModel.m */ = {isa = PBXFileReference; fileEncoding = 4; lastKnownFileType = sourcecode.c.objc; path = LNCirculateModel.m; sourceTree = "<group>"; };
		F4CF40D81D09641A0075F307 /* LNCyclePictureController.h */ = {isa = PBXFileReference; fileEncoding = 4; lastKnownFileType = sourcecode.c.h; path = LNCyclePictureController.h; sourceTree = "<group>"; };
		F4CF40D91D09641A0075F307 /* LNCyclePictureController.m */ = {isa = PBXFileReference; fileEncoding = 4; lastKnownFileType = sourcecode.c.objc; path = LNCyclePictureController.m; sourceTree = "<group>"; };
		F4CF40DD1D09642B0075F307 /* NSData+ImageContentType.h */ = {isa = PBXFileReference; fileEncoding = 4; lastKnownFileType = sourcecode.c.h; path = "NSData+ImageContentType.h"; sourceTree = "<group>"; };
		F4CF40DE1D09642B0075F307 /* NSData+ImageContentType.m */ = {isa = PBXFileReference; fileEncoding = 4; lastKnownFileType = sourcecode.c.objc; path = "NSData+ImageContentType.m"; sourceTree = "<group>"; };
		F4CF40DF1D09642B0075F307 /* SDImageCache.h */ = {isa = PBXFileReference; fileEncoding = 4; lastKnownFileType = sourcecode.c.h; path = SDImageCache.h; sourceTree = "<group>"; };
		F4CF40E01D09642B0075F307 /* SDImageCache.m */ = {isa = PBXFileReference; fileEncoding = 4; lastKnownFileType = sourcecode.c.objc; path = SDImageCache.m; sourceTree = "<group>"; };
		F4CF40E11D09642B0075F307 /* SDWebImageCompat.h */ = {isa = PBXFileReference; fileEncoding = 4; lastKnownFileType = sourcecode.c.h; path = SDWebImageCompat.h; sourceTree = "<group>"; };
		F4CF40E21D09642B0075F307 /* SDWebImageCompat.m */ = {isa = PBXFileReference; fileEncoding = 4; lastKnownFileType = sourcecode.c.objc; path = SDWebImageCompat.m; sourceTree = "<group>"; };
		F4CF40E31D09642B0075F307 /* SDWebImageDecoder.h */ = {isa = PBXFileReference; fileEncoding = 4; lastKnownFileType = sourcecode.c.h; path = SDWebImageDecoder.h; sourceTree = "<group>"; };
		F4CF40E41D09642B0075F307 /* SDWebImageDecoder.m */ = {isa = PBXFileReference; fileEncoding = 4; lastKnownFileType = sourcecode.c.objc; path = SDWebImageDecoder.m; sourceTree = "<group>"; };
		F4CF40E51D09642B0075F307 /* SDWebImageDownloader.h */ = {isa = PBXFileReference; fileEncoding = 4; lastKnownFileType = sourcecode.c.h; path = SDWebImageDownloader.h; sourceTree = "<group>"; };
		F4CF40E61D09642B0075F307 /* SDWebImageDownloader.m */ = {isa = PBXFileReference; fileEncoding = 4; lastKnownFileType = sourcecode.c.objc; path = SDWebImageDownloader.m; sourceTree = "<group>"; };
		F4CF40E71D09642B0075F307 /* SDWebImageDownloaderOperation.h */ = {isa = PBXFileReference; fileEncoding = 4; lastKnownFileType = sourcecode.c.h; path = SDWebImageDownloaderOperation.h; sourceTree = "<group>"; };
		F4CF40E81D09642B0075F307 /* SDWebImageDownloaderOperation.m */ = {isa = PBXFileReference; fileEncoding = 4; lastKnownFileType = sourcecode.c.objc; path = SDWebImageDownloaderOperation.m; sourceTree = "<group>"; };
		F4CF40E91D09642B0075F307 /* SDWebImageManager.h */ = {isa = PBXFileReference; fileEncoding = 4; lastKnownFileType = sourcecode.c.h; path = SDWebImageManager.h; sourceTree = "<group>"; };
		F4CF40EA1D09642B0075F307 /* SDWebImageManager.m */ = {isa = PBXFileReference; fileEncoding = 4; lastKnownFileType = sourcecode.c.objc; path = SDWebImageManager.m; sourceTree = "<group>"; };
		F4CF40EB1D09642B0075F307 /* SDWebImageOperation.h */ = {isa = PBXFileReference; fileEncoding = 4; lastKnownFileType = sourcecode.c.h; path = SDWebImageOperation.h; sourceTree = "<group>"; };
		F4CF40EC1D09642B0075F307 /* SDWebImagePrefetcher.h */ = {isa = PBXFileReference; fileEncoding = 4; lastKnownFileType = sourcecode.c.h; path = SDWebImagePrefetcher.h; sourceTree = "<group>"; };
		F4CF40ED1D09642B0075F307 /* SDWebImagePrefetcher.m */ = {isa = PBXFileReference; fileEncoding = 4; lastKnownFileType = sourcecode.c.objc; path = SDWebImagePrefetcher.m; sourceTree = "<group>"; };
		F4CF40EE1D09642B0075F307 /* UIButton+WebCache.h */ = {isa = PBXFileReference; fileEncoding = 4; lastKnownFileType = sourcecode.c.h; path = "UIButton+WebCache.h"; sourceTree = "<group>"; };
		F4CF40EF1D09642B0075F307 /* UIButton+WebCache.m */ = {isa = PBXFileReference; fileEncoding = 4; lastKnownFileType = sourcecode.c.objc; path = "UIButton+WebCache.m"; sourceTree = "<group>"; };
		F4CF40F01D09642B0075F307 /* UIImage+GIF.h */ = {isa = PBXFileReference; fileEncoding = 4; lastKnownFileType = sourcecode.c.h; path = "UIImage+GIF.h"; sourceTree = "<group>"; };
		F4CF40F11D09642B0075F307 /* UIImage+GIF.m */ = {isa = PBXFileReference; fileEncoding = 4; lastKnownFileType = sourcecode.c.objc; path = "UIImage+GIF.m"; sourceTree = "<group>"; };
		F4CF40F21D09642B0075F307 /* UIImage+MultiFormat.h */ = {isa = PBXFileReference; fileEncoding = 4; lastKnownFileType = sourcecode.c.h; path = "UIImage+MultiFormat.h"; sourceTree = "<group>"; };
		F4CF40F31D09642B0075F307 /* UIImage+MultiFormat.m */ = {isa = PBXFileReference; fileEncoding = 4; lastKnownFileType = sourcecode.c.objc; path = "UIImage+MultiFormat.m"; sourceTree = "<group>"; };
		F4CF40F41D09642B0075F307 /* UIImageView+HighlightedWebCache.h */ = {isa = PBXFileReference; fileEncoding = 4; lastKnownFileType = sourcecode.c.h; path = "UIImageView+HighlightedWebCache.h"; sourceTree = "<group>"; };
		F4CF40F51D09642B0075F307 /* UIImageView+HighlightedWebCache.m */ = {isa = PBXFileReference; fileEncoding = 4; lastKnownFileType = sourcecode.c.objc; path = "UIImageView+HighlightedWebCache.m"; sourceTree = "<group>"; };
		F4CF40F61D09642B0075F307 /* UIImageView+WebCache.h */ = {isa = PBXFileReference; fileEncoding = 4; lastKnownFileType = sourcecode.c.h; path = "UIImageView+WebCache.h"; sourceTree = "<group>"; };
		F4CF40F71D09642B0075F307 /* UIImageView+WebCache.m */ = {isa = PBXFileReference; fileEncoding = 4; lastKnownFileType = sourcecode.c.objc; path = "UIImageView+WebCache.m"; sourceTree = "<group>"; };
		F4CF40F81D09642B0075F307 /* UIView+WebCacheOperation.h */ = {isa = PBXFileReference; fileEncoding = 4; lastKnownFileType = sourcecode.c.h; path = "UIView+WebCacheOperation.h"; sourceTree = "<group>"; };
		F4CF40F91D09642B0075F307 /* UIView+WebCacheOperation.m */ = {isa = PBXFileReference; fileEncoding = 4; lastKnownFileType = sourcecode.c.objc; path = "UIView+WebCacheOperation.m"; sourceTree = "<group>"; };
/* End PBXFileReference section */

/* Begin PBXFrameworksBuildPhase section */
		F4CB9BB31CFA5F43008D3CFB /* Frameworks */ = {
			isa = PBXFrameworksBuildPhase;
			buildActionMask = 2147483647;
			files = (
			);
			runOnlyForDeploymentPostprocessing = 0;
		};
/* End PBXFrameworksBuildPhase section */

/* Begin PBXGroup section */
		F4CB9BAD1CFA5F43008D3CFB = {
			isa = PBXGroup;
			children = (
				F4CF40D51D09641A0075F307 /* LNCirculatePictureController */,
				F4CB9BB81CFA5F43008D3CFB /* LNCyclePictureShow */,
				F4CB9BB71CFA5F43008D3CFB /* Products */,
			);
			sourceTree = "<group>";
		};
		F4CB9BB71CFA5F43008D3CFB /* Products */ = {
			isa = PBXGroup;
			children = (
				F4CB9BB61CFA5F43008D3CFB /* LNCyclePictureShow.app */,
			);
			name = Products;
			sourceTree = "<group>";
		};
		F4CB9BB81CFA5F43008D3CFB /* LNCyclePictureShow */ = {
			isa = PBXGroup;
			children = (
				F4CB9BBC1CFA5F43008D3CFB /* AppDelegate.h */,
				F4CB9BBD1CFA5F43008D3CFB /* AppDelegate.m */,
				F4CB9BBF1CFA5F43008D3CFB /* ViewController.h */,
				F4CB9BC01CFA5F43008D3CFB /* ViewController.m */,
				F4CB9BC21CFA5F43008D3CFB /* Main.storyboard */,
				F4CB9BC51CFA5F43008D3CFB /* Assets.xcassets */,
				F4CB9BC71CFA5F43008D3CFB /* LaunchScreen.storyboard */,
				F4CB9BCA1CFA5F43008D3CFB /* Info.plist */,
				F4CB9BB91CFA5F43008D3CFB /* Supporting Files */,
				1800151A1CFC2FB90011B8BC /* images.plist */,
			);
			path = LNCyclePictureShow;
			sourceTree = "<group>";
		};
		F4CB9BB91CFA5F43008D3CFB /* Supporting Files */ = {
			isa = PBXGroup;
			children = (
				F4CB9BBA1CFA5F43008D3CFB /* main.m */,
			);
			name = "Supporting Files";
			sourceTree = "<group>";
		};
		F4CF30C71D16E47A0029003A /* AFNetworking */ = {
			isa = PBXGroup;
			children = (
				F4CF30C81D16E47A0029003A /* AFNetworking */,
				F4CF30D61D16E47A0029003A /* LICENSE */,
				F4CF30D71D16E47A0029003A /* README.md */,
				F4CF30D81D16E47A0029003A /* UIKit+AFNetworking */,
			);
			path = AFNetworking;
			sourceTree = "<group>";
		};
		F4CF30C81D16E47A0029003A /* AFNetworking */ = {
			isa = PBXGroup;
			children = (
				F4CF30C91D16E47A0029003A /* AFHTTPSessionManager.h */,
				F4CF30CA1D16E47A0029003A /* AFHTTPSessionManager.m */,
				F4CF30CB1D16E47A0029003A /* AFNetworking.h */,
				F4CF30CC1D16E47A0029003A /* AFNetworkReachabilityManager.h */,
				F4CF30CD1D16E47A0029003A /* AFNetworkReachabilityManager.m */,
				F4CF30CE1D16E47A0029003A /* AFSecurityPolicy.h */,
				F4CF30CF1D16E47A0029003A /* AFSecurityPolicy.m */,
				F4CF30D01D16E47A0029003A /* AFURLRequestSerialization.h */,
				F4CF30D11D16E47A0029003A /* AFURLRequestSerialization.m */,
				F4CF30D21D16E47A0029003A /* AFURLResponseSerialization.h */,
				F4CF30D31D16E47A0029003A /* AFURLResponseSerialization.m */,
				F4CF30D41D16E47A0029003A /* AFURLSessionManager.h */,
				F4CF30D51D16E47A0029003A /* AFURLSessionManager.m */,
			);
			path = AFNetworking;
			sourceTree = "<group>";
		};
		F4CF30D81D16E47A0029003A /* UIKit+AFNetworking */ = {
			isa = PBXGroup;
			children = (
				F4CF30D91D16E47A0029003A /* AFAutoPurgingImageCache.h */,
				F4CF30DA1D16E47A0029003A /* AFAutoPurgingImageCache.m */,
				F4CF30DB1D16E47A0029003A /* AFImageDownloader.h */,
				F4CF30DC1D16E47A0029003A /* AFImageDownloader.m */,
				F4CF30DD1D16E47A0029003A /* AFNetworkActivityIndicatorManager.h */,
				F4CF30DE1D16E47A0029003A /* AFNetworkActivityIndicatorManager.m */,
				F4CF30DF1D16E47A0029003A /* UIActivityIndicatorView+AFNetworking.h */,
				F4CF30E01D16E47A0029003A /* UIActivityIndicatorView+AFNetworking.m */,
				F4CF30E11D16E47A0029003A /* UIButton+AFNetworking.h */,
				F4CF30E21D16E47A0029003A /* UIButton+AFNetworking.m */,
				F4CF30E31D16E47A0029003A /* UIImage+AFNetworking.h */,
				F4CF30E41D16E47A0029003A /* UIImageView+AFNetworking.h */,
				F4CF30E51D16E47A0029003A /* UIImageView+AFNetworking.m */,
				F4CF30E61D16E47A0029003A /* UIKit+AFNetworking.h */,
				F4CF30E71D16E47A0029003A /* UIProgressView+AFNetworking.h */,
				F4CF30E81D16E47A0029003A /* UIProgressView+AFNetworking.m */,
				F4CF30E91D16E47A0029003A /* UIRefreshControl+AFNetworking.h */,
				F4CF30EA1D16E47A0029003A /* UIRefreshControl+AFNetworking.m */,
				F4CF30EB1D16E47A0029003A /* UIWebView+AFNetworking.h */,
				F4CF30EC1D16E47A0029003A /* UIWebView+AFNetworking.m */,
			);
			path = "UIKit+AFNetworking";
			sourceTree = "<group>";
		};
		F4CF40D51D09641A0075F307 /* LNCirculatePictureController */ = {
			isa = PBXGroup;
			children = (
				F4CF30C71D16E47A0029003A /* AFNetworking */,
				F4CF40DC1D09642B0075F307 /* SDWebImage */,
				F4CF40D61D09641A0075F307 /* LNCirculateModel.h */,
				F4CF40D71D09641A0075F307 /* LNCirculateModel.m */,
				F4CF40D81D09641A0075F307 /* LNCyclePictureController.h */,
				F4CF40D91D09641A0075F307 /* LNCyclePictureController.m */,
			);
			path = LNCirculatePictureController;
			sourceTree = "<group>";
		};
		F4CF40DC1D09642B0075F307 /* SDWebImage */ = {
			isa = PBXGroup;
			children = (
				F4CF40DD1D09642B0075F307 /* NSData+ImageContentType.h */,
				F4CF40DE1D09642B0075F307 /* NSData+ImageContentType.m */,
				F4CF40DF1D09642B0075F307 /* SDImageCache.h */,
				F4CF40E01D09642B0075F307 /* SDImageCache.m */,
				F4CF40E11D09642B0075F307 /* SDWebImageCompat.h */,
				F4CF40E21D09642B0075F307 /* SDWebImageCompat.m */,
				F4CF40E31D09642B0075F307 /* SDWebImageDecoder.h */,
				F4CF40E41D09642B0075F307 /* SDWebImageDecoder.m */,
				F4CF40E51D09642B0075F307 /* SDWebImageDownloader.h */,
				F4CF40E61D09642B0075F307 /* SDWebImageDownloader.m */,
				F4CF40E71D09642B0075F307 /* SDWebImageDownloaderOperation.h */,
				F4CF40E81D09642B0075F307 /* SDWebImageDownloaderOperation.m */,
				F4CF40E91D09642B0075F307 /* SDWebImageManager.h */,
				F4CF40EA1D09642B0075F307 /* SDWebImageManager.m */,
				F4CF40EB1D09642B0075F307 /* SDWebImageOperation.h */,
				F4CF40EC1D09642B0075F307 /* SDWebImagePrefetcher.h */,
				F4CF40ED1D09642B0075F307 /* SDWebImagePrefetcher.m */,
				F4CF40EE1D09642B0075F307 /* UIButton+WebCache.h */,
				F4CF40EF1D09642B0075F307 /* UIButton+WebCache.m */,
				F4CF40F01D09642B0075F307 /* UIImage+GIF.h */,
				F4CF40F11D09642B0075F307 /* UIImage+GIF.m */,
				F4CF40F21D09642B0075F307 /* UIImage+MultiFormat.h */,
				F4CF40F31D09642B0075F307 /* UIImage+MultiFormat.m */,
				F4CF40F41D09642B0075F307 /* UIImageView+HighlightedWebCache.h */,
				F4CF40F51D09642B0075F307 /* UIImageView+HighlightedWebCache.m */,
				F4CF40F61D09642B0075F307 /* UIImageView+WebCache.h */,
				F4CF40F71D09642B0075F307 /* UIImageView+WebCache.m */,
				F4CF40F81D09642B0075F307 /* UIView+WebCacheOperation.h */,
				F4CF40F91D09642B0075F307 /* UIView+WebCacheOperation.m */,
			);
			path = SDWebImage;
			sourceTree = "<group>";
		};
/* End PBXGroup section */

/* Begin PBXNativeTarget section */
		F4CB9BB51CFA5F43008D3CFB /* LNCyclePictureShow */ = {
			isa = PBXNativeTarget;
			buildConfigurationList = F4CB9BCD1CFA5F43008D3CFB /* Build configuration list for PBXNativeTarget "LNCyclePictureShow" */;
			buildPhases = (
				F4CB9BB21CFA5F43008D3CFB /* Sources */,
				F4CB9BB31CFA5F43008D3CFB /* Frameworks */,
				F4CB9BB41CFA5F43008D3CFB /* Resources */,
			);
			buildRules = (
			);
			dependencies = (
			);
			name = LNCyclePictureShow;
			productName = LNCyclePictureShow;
			productReference = F4CB9BB61CFA5F43008D3CFB /* LNCyclePictureShow.app */;
			productType = "com.apple.product-type.application";
		};
/* End PBXNativeTarget section */

/* Begin PBXProject section */
		F4CB9BAE1CFA5F43008D3CFB /* Project object */ = {
			isa = PBXProject;
			attributes = {
				LastUpgradeCheck = 0720;
				ORGANIZATIONNAME = lin;
				TargetAttributes = {
					F4CB9BB51CFA5F43008D3CFB = {
						CreatedOnToolsVersion = 7.2.1;
					};
				};
			};
			buildConfigurationList = F4CB9BB11CFA5F43008D3CFB /* Build configuration list for PBXProject "LNCyclePictureShow" */;
			compatibilityVersion = "Xcode 3.2";
			developmentRegion = English;
			hasScannedForEncodings = 0;
			knownRegions = (
				en,
				Base,
			);
			mainGroup = F4CB9BAD1CFA5F43008D3CFB;
			productRefGroup = F4CB9BB71CFA5F43008D3CFB /* Products */;
			projectDirPath = "";
			projectRoot = "";
			targets = (
				F4CB9BB51CFA5F43008D3CFB /* LNCyclePictureShow */,
			);
		};
/* End PBXProject section */

/* Begin PBXResourcesBuildPhase section */
		F4CB9BB41CFA5F43008D3CFB /* Resources */ = {
			isa = PBXResourcesBuildPhase;
			buildActionMask = 2147483647;
			files = (
				1800151B1CFC2FB90011B8BC /* images.plist in Resources */,
				F4CB9BC91CFA5F43008D3CFB /* LaunchScreen.storyboard in Resources */,
				F4CB9BC61CFA5F43008D3CFB /* Assets.xcassets in Resources */,
				F4CB9BC41CFA5F43008D3CFB /* Main.storyboard in Resources */,
				F4CF30F31D16E47A0029003A /* LICENSE in Resources */,
			);
			runOnlyForDeploymentPostprocessing = 0;
		};
/* End PBXResourcesBuildPhase section */

/* Begin PBXSourcesBuildPhase section */
		F4CB9BB21CFA5F43008D3CFB /* Sources */ = {
			isa = PBXSourcesBuildPhase;
			buildActionMask = 2147483647;
			files = (
				F4CF30F21D16E47A0029003A /* AFURLSessionManager.m in Sources */,
				F4CF41051D09642B0075F307 /* UIImageView+HighlightedWebCache.m in Sources */,
				F4CF41041D09642B0075F307 /* UIImage+MultiFormat.m in Sources */,
				F4CF40FF1D09642B0075F307 /* SDWebImageDownloaderOperation.m in Sources */,
				F4CF30F41D16E47A0029003A /* README.md in Sources */,
				F4CF40DA1D09641A0075F307 /* LNCirculateModel.m in Sources */,
				F4CF30F81D16E47A0029003A /* UIActivityIndicatorView+AFNetworking.m in Sources */,
				F4CF40FC1D09642B0075F307 /* SDWebImageCompat.m in Sources */,
				F4CF41071D09642B0075F307 /* UIView+WebCacheOperation.m in Sources */,
				F4CF30F91D16E47A0029003A /* UIButton+AFNetworking.m in Sources */,
				F4CF41031D09642B0075F307 /* UIImage+GIF.m in Sources */,
				F4CF30FA1D16E47A0029003A /* UIImageView+AFNetworking.m in Sources */,
				F4CF30ED1D16E47A0029003A /* AFHTTPSessionManager.m in Sources */,
				F4CF30FB1D16E47A0029003A /* UIProgressView+AFNetworking.m in Sources */,
				F4CF41011D09642B0075F307 /* SDWebImagePrefetcher.m in Sources */,
				F4CF30F61D16E47A0029003A /* AFImageDownloader.m in Sources */,
				F4CF30F71D16E47A0029003A /* AFNetworkActivityIndicatorManager.m in Sources */,
				F4CF30FD1D16E47A0029003A /* UIWebView+AFNetworking.m in Sources */,
				F4CF40DB1D09641A0075F307 /* LNCyclePictureController.m in Sources */,
				F4CF30EE1D16E47A0029003A /* AFNetworkReachabilityManager.m in Sources */,
				F4CB9BC11CFA5F43008D3CFB /* ViewController.m in Sources */,
				F4CF40FE1D09642B0075F307 /* SDWebImageDownloader.m in Sources */,
				F4CF41021D09642B0075F307 /* UIButton+WebCache.m in Sources */,
				F4CB9BBE1CFA5F43008D3CFB /* AppDelegate.m in Sources */,
				F4CF40FA1D09642B0075F307 /* NSData+ImageContentType.m in Sources */,
				F4CF30FC1D16E47A0029003A /* UIRefreshControl+AFNetworking.m in Sources */,
				F4CB9BBB1CFA5F43008D3CFB /* main.m in Sources */,
				F4CF41061D09642B0075F307 /* UIImageView+WebCache.m in Sources */,
				F4CF41001D09642B0075F307 /* SDWebImageManager.m in Sources */,
				F4CF40FD1D09642B0075F307 /* SDWebImageDecoder.m in Sources */,
				F4CF30F01D16E47A0029003A /* AFURLRequestSerialization.m in Sources */,
				F4CF30EF1D16E47A0029003A /* AFSecurityPolicy.m in Sources */,
				F4CF30F51D16E47A0029003A /* AFAutoPurgingImageCache.m in Sources */,
				F4CF30F11D16E47A0029003A /* AFURLResponseSerialization.m in Sources */,
				F4CF40FB1D09642B0075F307 /* SDImageCache.m in Sources */,
			);
			runOnlyForDeploymentPostprocessing = 0;
		};
/* End PBXSourcesBuildPhase section */

/* Begin PBXVariantGroup section */
		F4CB9BC21CFA5F43008D3CFB /* Main.storyboard */ = {
			isa = PBXVariantGroup;
			children = (
				F4CB9BC31CFA5F43008D3CFB /* Base */,
			);
			name = Main.storyboard;
			sourceTree = "<group>";
		};
		F4CB9BC71CFA5F43008D3CFB /* LaunchScreen.storyboard */ = {
			isa = PBXVariantGroup;
			children = (
				F4CB9BC81CFA5F43008D3CFB /* Base */,
			);
			name = LaunchScreen.storyboard;
			sourceTree = "<group>";
		};
/* End PBXVariantGroup section */

/* Begin XCBuildConfiguration section */
		F4CB9BCB1CFA5F43008D3CFB /* Debug */ = {
			isa = XCBuildConfiguration;
			buildSettings = {
				ALWAYS_SEARCH_USER_PATHS = NO;
				CLANG_CXX_LANGUAGE_STANDARD = "gnu++0x";
				CLANG_CXX_LIBRARY = "libc++";
				CLANG_ENABLE_MODULES = YES;
				CLANG_ENABLE_OBJC_ARC = YES;
				CLANG_WARN_BOOL_CONVERSION = YES;
				CLANG_WARN_CONSTANT_CONVERSION = YES;
				CLANG_WARN_DIRECT_OBJC_ISA_USAGE = YES_ERROR;
				CLANG_WARN_EMPTY_BODY = YES;
				CLANG_WARN_ENUM_CONVERSION = YES;
				CLANG_WARN_INT_CONVERSION = YES;
				CLANG_WARN_OBJC_ROOT_CLASS = YES_ERROR;
				CLANG_WARN_UNREACHABLE_CODE = YES;
				CLANG_WARN__DUPLICATE_METHOD_MATCH = YES;
				"CODE_SIGN_IDENTITY[sdk=iphoneos*]" = "iPhone Developer";
				COPY_PHASE_STRIP = NO;
				DEBUG_INFORMATION_FORMAT = dwarf;
				ENABLE_STRICT_OBJC_MSGSEND = YES;
				ENABLE_TESTABILITY = YES;
				GCC_C_LANGUAGE_STANDARD = gnu99;
				GCC_DYNAMIC_NO_PIC = NO;
				GCC_NO_COMMON_BLOCKS = YES;
				GCC_OPTIMIZATION_LEVEL = 0;
				GCC_PREPROCESSOR_DEFINITIONS = (
					"DEBUG=1",
					"$(inherited)",
				);
				GCC_WARN_64_TO_32_BIT_CONVERSION = YES;
				GCC_WARN_ABOUT_RETURN_TYPE = YES_ERROR;
				GCC_WARN_UNDECLARED_SELECTOR = YES;
				GCC_WARN_UNINITIALIZED_AUTOS = YES_AGGRESSIVE;
				GCC_WARN_UNUSED_FUNCTION = YES;
				GCC_WARN_UNUSED_VARIABLE = YES;
				IPHONEOS_DEPLOYMENT_TARGET = 9.2;
				MTL_ENABLE_DEBUG_INFO = YES;
				ONLY_ACTIVE_ARCH = YES;
				SDKROOT = iphoneos;
			};
			name = Debug;
		};
		F4CB9BCC1CFA5F43008D3CFB /* Release */ = {
			isa = XCBuildConfiguration;
			buildSettings = {
				ALWAYS_SEARCH_USER_PATHS = NO;
				CLANG_CXX_LANGUAGE_STANDARD = "gnu++0x";
				CLANG_CXX_LIBRARY = "libc++";
				CLANG_ENABLE_MODULES = YES;
				CLANG_ENABLE_OBJC_ARC = YES;
				CLANG_WARN_BOOL_CONVERSION = YES;
				CLANG_WARN_CONSTANT_CONVERSION = YES;
				CLANG_WARN_DIRECT_OBJC_ISA_USAGE = YES_ERROR;
				CLANG_WARN_EMPTY_BODY = YES;
				CLANG_WARN_ENUM_CONVERSION = YES;
				CLANG_WARN_INT_CONVERSION = YES;
				CLANG_WARN_OBJC_ROOT_CLASS = YES_ERROR;
				CLANG_WARN_UNREACHABLE_CODE = YES;
				CLANG_WARN__DUPLICATE_METHOD_MATCH = YES;
				"CODE_SIGN_IDENTITY[sdk=iphoneos*]" = "iPhone Developer";
				COPY_PHASE_STRIP = NO;
				DEBUG_INFORMATION_FORMAT = "dwarf-with-dsym";
				ENABLE_NS_ASSERTIONS = NO;
				ENABLE_STRICT_OBJC_MSGSEND = YES;
				GCC_C_LANGUAGE_STANDARD = gnu99;
				GCC_NO_COMMON_BLOCKS = YES;
				GCC_WARN_64_TO_32_BIT_CONVERSION = YES;
				GCC_WARN_ABOUT_RETURN_TYPE = YES_ERROR;
				GCC_WARN_UNDECLARED_SELECTOR = YES;
				GCC_WARN_UNINITIALIZED_AUTOS = YES_AGGRESSIVE;
				GCC_WARN_UNUSED_FUNCTION = YES;
				GCC_WARN_UNUSED_VARIABLE = YES;
				IPHONEOS_DEPLOYMENT_TARGET = 9.2;
				MTL_ENABLE_DEBUG_INFO = NO;
				SDKROOT = iphoneos;
				VALIDATE_PRODUCT = YES;
			};
			name = Release;
		};
		F4CB9BCE1CFA5F43008D3CFB /* Debug */ = {
			isa = XCBuildConfiguration;
			buildSettings = {
				ASSETCATALOG_COMPILER_APPICON_NAME = AppIcon;
				CODE_SIGN_IDENTITY = "iPhone Developer";
				INFOPLIST_FILE = LNCyclePictureShow/Info.plist;
				IPHONEOS_DEPLOYMENT_TARGET = 9.0;
				LD_RUNPATH_SEARCH_PATHS = "$(inherited) @executable_path/Frameworks";
				PRODUCT_BUNDLE_IDENTIFIER = young.LNCyclePictureShow;
				PRODUCT_NAME = "$(TARGET_NAME)";
			};
			name = Debug;
		};
		F4CB9BCF1CFA5F43008D3CFB /* Release */ = {
			isa = XCBuildConfiguration;
			buildSettings = {
				ASSETCATALOG_COMPILER_APPICON_NAME = AppIcon;
				CODE_SIGN_IDENTITY = "iPhone Developer";
				INFOPLIST_FILE = LNCyclePictureShow/Info.plist;
				IPHONEOS_DEPLOYMENT_TARGET = 9.0;
				LD_RUNPATH_SEARCH_PATHS = "$(inherited) @executable_path/Frameworks";
				PRODUCT_BUNDLE_IDENTIFIER = young.LNCyclePictureShow;
				PRODUCT_NAME = "$(TARGET_NAME)";
			};
			name = Release;
		};
/* End XCBuildConfiguration section */

/* Begin XCConfigurationList section */
		F4CB9BB11CFA5F43008D3CFB /* Build configuration list for PBXProject "LNCyclePictureShow" */ = {
			isa = XCConfigurationList;
			buildConfigurations = (
				F4CB9BCB1CFA5F43008D3CFB /* Debug */,
				F4CB9BCC1CFA5F43008D3CFB /* Release */,
			);
			defaultConfigurationIsVisible = 0;
			defaultConfigurationName = Release;
		};
		F4CB9BCD1CFA5F43008D3CFB /* Build configuration list for PBXNativeTarget "LNCyclePictureShow" */ = {
			isa = XCConfigurationList;
			buildConfigurations = (
				F4CB9BCE1CFA5F43008D3CFB /* Debug */,
				F4CB9BCF1CFA5F43008D3CFB /* Release */,
			);
			defaultConfigurationIsVisible = 0;
			defaultConfigurationName = Release;
		};
/* End XCConfigurationList section */
	};
	rootObject = F4CB9BAE1CFA5F43008D3CFB /* Project object */;
}
